// !$*UTF8*$!
{
	archiveVersion = 1;
	classes = {
	};
	objectVersion = 50;
	objects = {

/* Begin PBXBuildFile section */
		DB27238521ACA73D000CDBD5 /* AppDelegate.swift in Sources */ = {isa = PBXBuildFile; fileRef = DB27238421ACA73D000CDBD5 /* AppDelegate.swift */; };
		DB27238F21ACA73E000CDBD5 /* LaunchScreen.storyboard in Resources */ = {isa = PBXBuildFile; fileRef = DB27238D21ACA73E000CDBD5 /* LaunchScreen.storyboard */; };
		DB27239721ACA77B000CDBD5 /* Start.storyboard in Resources */ = {isa = PBXBuildFile; fileRef = DB27239621ACA77B000CDBD5 /* Start.storyboard */; };
		DB27239E21ACA788000CDBD5 /* Profile.storyboard in Resources */ = {isa = PBXBuildFile; fileRef = DB27239921ACA787000CDBD5 /* Profile.storyboard */; };
		DB27239F21ACA788000CDBD5 /* Main.storyboard in Resources */ = {isa = PBXBuildFile; fileRef = DB27239A21ACA787000CDBD5 /* Main.storyboard */; };
		DB2723A121ACA788000CDBD5 /* Add.storyboard in Resources */ = {isa = PBXBuildFile; fileRef = DB27239C21ACA788000CDBD5 /* Add.storyboard */; };
		DB2723A921ACA859000CDBD5 /* SignUpViewController.swift in Sources */ = {isa = PBXBuildFile; fileRef = DB2723A321ACA858000CDBD5 /* SignUpViewController.swift */; };
		DB2723AA21ACA859000CDBD5 /* ProfileViewController.swift in Sources */ = {isa = PBXBuildFile; fileRef = DB2723A421ACA859000CDBD5 /* ProfileViewController.swift */; };
		DB2723AB21ACA859000CDBD5 /* AddViewController.swift in Sources */ = {isa = PBXBuildFile; fileRef = DB2723A521ACA859000CDBD5 /* AddViewController.swift */; };
		DB2723AD21ACA859000CDBD5 /* SignInViewController.swift in Sources */ = {isa = PBXBuildFile; fileRef = DB2723A721ACA859000CDBD5 /* SignInViewController.swift */; };
		DB2723B121ACAA6D000CDBD5 /* GoogleService-Info.plist in Resources */ = {isa = PBXBuildFile; fileRef = DB2723B021ACAA6C000CDBD5 /* GoogleService-Info.plist */; };
		DB2723B621ACB559000CDBD5 /* AuthService.swift in Sources */ = {isa = PBXBuildFile; fileRef = DB2723B521ACB559000CDBD5 /* AuthService.swift */; };
		DB57CB1B21BA876B008278F0 /* InfoViewController.swift in Sources */ = {isa = PBXBuildFile; fileRef = DB57CB1A21BA876B008278F0 /* InfoViewController.swift */; };
		DB57CB1D21BA8E54008278F0 /* Privacy.storyboard in Resources */ = {isa = PBXBuildFile; fileRef = DB57CB1C21BA8E54008278F0 /* Privacy.storyboard */; };
		DB57CB2321BAD0AB008278F0 /* BooksDetailViewController.swift in Sources */ = {isa = PBXBuildFile; fileRef = DB57CB2221BAD0AB008278F0 /* BooksDetailViewController.swift */; };
		DB769A9821B829FB00690DBA /* Extenssions.swift in Sources */ = {isa = PBXBuildFile; fileRef = DB769A9721B829FB00690DBA /* Extenssions.swift */; };
		DB769A9A21B8474700690DBA /* User.swift in Sources */ = {isa = PBXBuildFile; fileRef = DB769A9921B8474700690DBA /* User.swift */; };
		DB78453421B53BDA00D5A26A /* HomeTableViewController.swift in Sources */ = {isa = PBXBuildFile; fileRef = DB78453321B53BDA00D5A26A /* HomeTableViewController.swift */; };
		DB78453721B544C300D5A26A /* Home.storyboard in Resources */ = {isa = PBXBuildFile; fileRef = DB78453921B544C300D5A26A /* Home.storyboard */; };
		DBAA071E21B1497500F8998F /* Post.swift in Sources */ = {isa = PBXBuildFile; fileRef = DBAA071D21B1497500F8998F /* Post.swift */; };
		DBAA072021B3441500F8998F /* Config.swift in Sources */ = {isa = PBXBuildFile; fileRef = DBAA071F21B3441500F8998F /* Config.swift */; };
		DBCBC0FA21BC26F400C045DB /* Assets.xcassets in Resources */ = {isa = PBXBuildFile; fileRef = DBCBC0F921BC26F300C045DB /* Assets.xcassets */; };
		F27DF32A6161193471BBEB5E /* Pods_VintageBooks.framework in Frameworks */ = {isa = PBXBuildFile; fileRef = 0D01B477A7F9013F78A7E560 /* Pods_VintageBooks.framework */; };
/* End PBXBuildFile section */

/* Begin PBXFileReference section */
		0D01B477A7F9013F78A7E560 /* Pods_VintageBooks.framework */ = {isa = PBXFileReference; explicitFileType = wrapper.framework; includeInIndex = 0; path = Pods_VintageBooks.framework; sourceTree = BUILT_PRODUCTS_DIR; };
		A645E0D58AD6936FE07326BE /* Pods-VintageBooks.release.xcconfig */ = {isa = PBXFileReference; includeInIndex = 1; lastKnownFileType = text.xcconfig; name = "Pods-VintageBooks.release.xcconfig"; path = "Pods/Target Support Files/Pods-VintageBooks/Pods-VintageBooks.release.xcconfig"; sourceTree = "<group>"; };
		AF72999D294B40820A992446 /* Pods-VintageBooks.debug.xcconfig */ = {isa = PBXFileReference; includeInIndex = 1; lastKnownFileType = text.xcconfig; name = "Pods-VintageBooks.debug.xcconfig"; path = "Pods/Target Support Files/Pods-VintageBooks/Pods-VintageBooks.debug.xcconfig"; sourceTree = "<group>"; };
		DB27238121ACA73D000CDBD5 /* VintageBooks.app */ = {isa = PBXFileReference; explicitFileType = wrapper.application; includeInIndex = 0; path = VintageBooks.app; sourceTree = BUILT_PRODUCTS_DIR; };
		DB27238421ACA73D000CDBD5 /* AppDelegate.swift */ = {isa = PBXFileReference; lastKnownFileType = sourcecode.swift; path = AppDelegate.swift; sourceTree = "<group>"; };
		DB27238E21ACA73E000CDBD5 /* Base */ = {isa = PBXFileReference; lastKnownFileType = file.storyboard; name = Base; path = Base.lproj/LaunchScreen.storyboard; sourceTree = "<group>"; };
		DB27239021ACA73E000CDBD5 /* Info.plist */ = {isa = PBXFileReference; lastKnownFileType = text.plist.xml; path = Info.plist; sourceTree = "<group>"; };
		DB27239621ACA77B000CDBD5 /* Start.storyboard */ = {isa = PBXFileReference; fileEncoding = 4; lastKnownFileType = file.storyboard; path = Start.storyboard; sourceTree = "<group>"; };
		DB27239921ACA787000CDBD5 /* Profile.storyboard */ = {isa = PBXFileReference; fileEncoding = 4; lastKnownFileType = file.storyboard; path = Profile.storyboard; sourceTree = "<group>"; };
		DB27239A21ACA787000CDBD5 /* Main.storyboard */ = {isa = PBXFileReference; fileEncoding = 4; lastKnownFileType = file.storyboard; path = Main.storyboard; sourceTree = "<group>"; };
		DB27239C21ACA788000CDBD5 /* Add.storyboard */ = {isa = PBXFileReference; fileEncoding = 4; lastKnownFileType = file.storyboard; path = Add.storyboard; sourceTree = "<group>"; };
		DB2723A321ACA858000CDBD5 /* SignUpViewController.swift */ = {isa = PBXFileReference; fileEncoding = 4; lastKnownFileType = sourcecode.swift; path = SignUpViewController.swift; sourceTree = "<group>"; };
		DB2723A421ACA859000CDBD5 /* ProfileViewController.swift */ = {isa = PBXFileReference; fileEncoding = 4; lastKnownFileType = sourcecode.swift; path = ProfileViewController.swift; sourceTree = "<group>"; };
		DB2723A521ACA859000CDBD5 /* AddViewController.swift */ = {isa = PBXFileReference; fileEncoding = 4; lastKnownFileType = sourcecode.swift; path = AddViewController.swift; sourceTree = "<group>"; };
		DB2723A721ACA859000CDBD5 /* SignInViewController.swift */ = {isa = PBXFileReference; fileEncoding = 4; lastKnownFileType = sourcecode.swift; path = SignInViewController.swift; sourceTree = "<group>"; };
		DB2723B021ACAA6C000CDBD5 /* GoogleService-Info.plist */ = {isa = PBXFileReference; fileEncoding = 4; lastKnownFileType = text.plist.xml; path = "GoogleService-Info.plist"; sourceTree = "<group>"; };
		DB2723B521ACB559000CDBD5 /* AuthService.swift */ = {isa = PBXFileReference; lastKnownFileType = sourcecode.swift; path = AuthService.swift; sourceTree = "<group>"; };
		DB57CB1A21BA876B008278F0 /* InfoViewController.swift */ = {isa = PBXFileReference; lastKnownFileType = sourcecode.swift; path = InfoViewController.swift; sourceTree = "<group>"; };
		DB57CB1C21BA8E54008278F0 /* Privacy.storyboard */ = {isa = PBXFileReference; fileEncoding = 4; lastKnownFileType = file.storyboard; path = Privacy.storyboard; sourceTree = "<group>"; };
		DB57CB2221BAD0AB008278F0 /* BooksDetailViewController.swift */ = {isa = PBXFileReference; lastKnownFileType = sourcecode.swift; path = BooksDetailViewController.swift; sourceTree = "<group>"; };
		DB769A9721B829FB00690DBA /* Extenssions.swift */ = {isa = PBXFileReference; lastKnownFileType = sourcecode.swift; path = Extenssions.swift; sourceTree = "<group>"; };
		DB769A9921B8474700690DBA /* User.swift */ = {isa = PBXFileReference; lastKnownFileType = sourcecode.swift; path = User.swift; sourceTree = "<group>"; };
		DB78453321B53BDA00D5A26A /* HomeTableViewController.swift */ = {isa = PBXFileReference; lastKnownFileType = sourcecode.swift; path = HomeTableViewController.swift; sourceTree = "<group>"; };
		DB78453821B544C300D5A26A /* Base */ = {isa = PBXFileReference; lastKnownFileType = file.storyboard; name = Base; path = Base.lproj/Home.storyboard; sourceTree = "<group>"; };
		DBAA071D21B1497500F8998F /* Post.swift */ = {isa = PBXFileReference; lastKnownFileType = sourcecode.swift; path = Post.swift; sourceTree = "<group>"; };
		DBAA071F21B3441500F8998F /* Config.swift */ = {isa = PBXFileReference; lastKnownFileType = sourcecode.swift; path = Config.swift; sourceTree = "<group>"; };
		DBCBC0F921BC26F300C045DB /* Assets.xcassets */ = {isa = PBXFileReference; lastKnownFileType = folder.assetcatalog; path = Assets.xcassets; sourceTree = "<group>"; };
/* End PBXFileReference section */

/* Begin PBXFrameworksBuildPhase section */
		DB27237E21ACA73D000CDBD5 /* Frameworks */ = {
			isa = PBXFrameworksBuildPhase;
			buildActionMask = 2147483647;
			files = (
				F27DF32A6161193471BBEB5E /* Pods_VintageBooks.framework in Frameworks */,
			);
			runOnlyForDeploymentPostprocessing = 0;
		};
/* End PBXFrameworksBuildPhase section */

/* Begin PBXGroup section */
		9BBFF01B2678C03925572CE5 /* Frameworks */ = {
			isa = PBXGroup;
			children = (
				0D01B477A7F9013F78A7E560 /* Pods_VintageBooks.framework */,
			);
			name = Frameworks;
			sourceTree = "<group>";
		};
		D600D243CF84BD3326996A87 /* Pods */ = {
			isa = PBXGroup;
			children = (
				AF72999D294B40820A992446 /* Pods-VintageBooks.debug.xcconfig */,
				A645E0D58AD6936FE07326BE /* Pods-VintageBooks.release.xcconfig */,
			);
			name = Pods;
			sourceTree = "<group>";
		};
		DB27237821ACA73D000CDBD5 = {
			isa = PBXGroup;
			children = (
				DB27238321ACA73D000CDBD5 /* VintageBooks */,
				DB27238221ACA73D000CDBD5 /* Products */,
				D600D243CF84BD3326996A87 /* Pods */,
				9BBFF01B2678C03925572CE5 /* Frameworks */,
			);
			sourceTree = "<group>";
		};
		DB27238221ACA73D000CDBD5 /* Products */ = {
			isa = PBXGroup;
			children = (
				DB27238121ACA73D000CDBD5 /* VintageBooks.app */,
			);
			name = Products;
			sourceTree = "<group>";
		};
		DB27238321ACA73D000CDBD5 /* VintageBooks */ = {
			isa = PBXGroup;
			children = (
				DB769A9621B829DA00690DBA /* Helpers */,
				DB27238421ACA73D000CDBD5 /* AppDelegate.swift */,
				DB2723B721ACB562000CDBD5 /* Models */,
				DB2723AF21ACA9CA000CDBD5 /* ViewControllers */,
				DB2723AE21ACA9B4000CDBD5 /* Storyboards */,
				DB27238D21ACA73E000CDBD5 /* LaunchScreen.storyboard */,
				DB2723B021ACAA6C000CDBD5 /* GoogleService-Info.plist */,
				DB27239021ACA73E000CDBD5 /* Info.plist */,
				DBCBC0F921BC26F300C045DB /* Assets.xcassets */,
			);
			path = VintageBooks;
			sourceTree = "<group>";
		};
		DB2723AE21ACA9B4000CDBD5 /* Storyboards */ = {
			isa = PBXGroup;
			children = (
				DB27239621ACA77B000CDBD5 /* Start.storyboard */,
				DB27239A21ACA787000CDBD5 /* Main.storyboard */,
				DB78453921B544C300D5A26A /* Home.storyboard */,
				DB27239C21ACA788000CDBD5 /* Add.storyboard */,
				DB27239921ACA787000CDBD5 /* Profile.storyboard */,
				DB57CB1C21BA8E54008278F0 /* Privacy.storyboard */,
			);
			path = Storyboards;
			sourceTree = "<group>";
		};
		DB2723AF21ACA9CA000CDBD5 /* ViewControllers */ = {
			isa = PBXGroup;
			children = (
				DB2723A721ACA859000CDBD5 /* SignInViewController.swift */,
				DB2723A321ACA858000CDBD5 /* SignUpViewController.swift */,
				DB78453321B53BDA00D5A26A /* HomeTableViewController.swift */,
				DB57CB2221BAD0AB008278F0 /* BooksDetailViewController.swift */,
				DB2723A521ACA859000CDBD5 /* AddViewController.swift */,
				DB2723A421ACA859000CDBD5 /* ProfileViewController.swift */,
				DB57CB1A21BA876B008278F0 /* InfoViewController.swift */,
			);
			path = ViewControllers;
			sourceTree = "<group>";
		};
		DB2723B721ACB562000CDBD5 /* Models */ = {
			isa = PBXGroup;
			children = (
				DB2723B521ACB559000CDBD5 /* AuthService.swift */,
				DBAA071D21B1497500F8998F /* Post.swift */,
				DBAA071F21B3441500F8998F /* Config.swift */,
				DB769A9921B8474700690DBA /* User.swift */,
			);
			path = Models;
			sourceTree = "<group>";
		};
		DB769A9621B829DA00690DBA /* Helpers */ = {
			isa = PBXGroup;
			children = (
				DB769A9721B829FB00690DBA /* Extenssions.swift */,
			);
			path = Helpers;
			sourceTree = "<group>";
		};
/* End PBXGroup section */

/* Begin PBXNativeTarget section */
		DB27238021ACA73D000CDBD5 /* VintageBooks */ = {
			isa = PBXNativeTarget;
			buildConfigurationList = DB27239321ACA73E000CDBD5 /* Build configuration list for PBXNativeTarget "VintageBooks" */;
			buildPhases = (
				8C0039B665F3F280C981A5C1 /* [CP] Check Pods Manifest.lock */,
				DB27237D21ACA73D000CDBD5 /* Sources */,
				DB27237E21ACA73D000CDBD5 /* Frameworks */,
				DB27237F21ACA73D000CDBD5 /* Resources */,
				69E64AE800BA0083B7BF0864 /* [CP] Embed Pods Frameworks */,
			);
			buildRules = (
			);
			dependencies = (
			);
			name = VintageBooks;
			productName = VintageBooks;
			productReference = DB27238121ACA73D000CDBD5 /* VintageBooks.app */;
			productType = "com.apple.product-type.application";
		};
/* End PBXNativeTarget section */

/* Begin PBXProject section */
		DB27237921ACA73D000CDBD5 /* Project object */ = {
			isa = PBXProject;
			attributes = {
				LastSwiftUpdateCheck = 1010;
				LastUpgradeCheck = 1010;
				ORGANIZATIONNAME = "Bilal Fakhro";
				TargetAttributes = {
					DB27238021ACA73D000CDBD5 = {
						CreatedOnToolsVersion = 10.1;
					};
				};
			};
			buildConfigurationList = DB27237C21ACA73D000CDBD5 /* Build configuration list for PBXProject "VintageBooks" */;
			compatibilityVersion = "Xcode 9.3";
			developmentRegion = en;
			hasScannedForEncodings = 0;
			knownRegions = (
				en,
				Base,
			);
			mainGroup = DB27237821ACA73D000CDBD5;
			productRefGroup = DB27238221ACA73D000CDBD5 /* Products */;
			projectDirPath = "";
			projectRoot = "";
			targets = (
				DB27238021ACA73D000CDBD5 /* VintageBooks */,
			);
		};
/* End PBXProject section */

/* Begin PBXResourcesBuildPhase section */
		DB27237F21ACA73D000CDBD5 /* Resources */ = {
			isa = PBXResourcesBuildPhase;
			buildActionMask = 2147483647;
			files = (
				DB27239F21ACA788000CDBD5 /* Main.storyboard in Resources */,
				DB27239E21ACA788000CDBD5 /* Profile.storyboard in Resources */,
				DB2723B121ACAA6D000CDBD5 /* GoogleService-Info.plist in Resources */,
				DB27238F21ACA73E000CDBD5 /* LaunchScreen.storyboard in Resources */,
				DB27239721ACA77B000CDBD5 /* Start.storyboard in Resources */,
				DB2723A121ACA788000CDBD5 /* Add.storyboard in Resources */,
				DB78453721B544C300D5A26A /* Home.storyboard in Resources */,
				DBCBC0FA21BC26F400C045DB /* Assets.xcassets in Resources */,
				DB57CB1D21BA8E54008278F0 /* Privacy.storyboard in Resources */,
			);
			runOnlyForDeploymentPostprocessing = 0;
		};
/* End PBXResourcesBuildPhase section */

/* Begin PBXShellScriptBuildPhase section */
		69E64AE800BA0083B7BF0864 /* [CP] Embed Pods Frameworks */ = {
			isa = PBXShellScriptBuildPhase;
			buildActionMask = 2147483647;
			files = (
			);
			inputFileListPaths = (
			);
			inputPaths = (
				"${SRCROOT}/Pods/Target Support Files/Pods-VintageBooks/Pods-VintageBooks-frameworks.sh",
				"${BUILT_PRODUCTS_DIR}/GTMSessionFetcher/GTMSessionFetcher.framework",
				"${BUILT_PRODUCTS_DIR}/GoogleUtilities/GoogleUtilities.framework",
				"${BUILT_PRODUCTS_DIR}/leveldb-library/leveldb.framework",
				"${BUILT_PRODUCTS_DIR}/nanopb/nanopb.framework",
			);
			name = "[CP] Embed Pods Frameworks";
			outputFileListPaths = (
			);
			outputPaths = (
				"${TARGET_BUILD_DIR}/${FRAMEWORKS_FOLDER_PATH}/GTMSessionFetcher.framework",
				"${TARGET_BUILD_DIR}/${FRAMEWORKS_FOLDER_PATH}/GoogleUtilities.framework",
				"${TARGET_BUILD_DIR}/${FRAMEWORKS_FOLDER_PATH}/leveldb.framework",
				"${TARGET_BUILD_DIR}/${FRAMEWORKS_FOLDER_PATH}/nanopb.framework",
			);
			runOnlyForDeploymentPostprocessing = 0;
			shellPath = /bin/sh;
			shellScript = "\"${SRCROOT}/Pods/Target Support Files/Pods-VintageBooks/Pods-VintageBooks-frameworks.sh\"\n";
			showEnvVarsInLog = 0;
		};
		8C0039B665F3F280C981A5C1 /* [CP] Check Pods Manifest.lock */ = {
			isa = PBXShellScriptBuildPhase;
			buildActionMask = 2147483647;
			files = (
			);
			inputFileListPaths = (
			);
			inputPaths = (
				"${PODS_PODFILE_DIR_PATH}/Podfile.lock",
				"${PODS_ROOT}/Manifest.lock",
			);
			name = "[CP] Check Pods Manifest.lock";
			outputFileListPaths = (
			);
			outputPaths = (
				"$(DERIVED_FILE_DIR)/Pods-VintageBooks-checkManifestLockResult.txt",
			);
			runOnlyForDeploymentPostprocessing = 0;
			shellPath = /bin/sh;
			shellScript = "diff \"${PODS_PODFILE_DIR_PATH}/Podfile.lock\" \"${PODS_ROOT}/Manifest.lock\" > /dev/null\nif [ $? != 0 ] ; then\n    # print error to STDERR\n    echo \"error: The sandbox is not in sync with the Podfile.lock. Run 'pod install' or update your CocoaPods installation.\" >&2\n    exit 1\nfi\n# This output is used by Xcode 'outputs' to avoid re-running this script phase.\necho \"SUCCESS\" > \"${SCRIPT_OUTPUT_FILE_0}\"\n";
			showEnvVarsInLog = 0;
		};
/* End PBXShellScriptBuildPhase section */

/* Begin PBXSourcesBuildPhase section */
		DB27237D21ACA73D000CDBD5 /* Sources */ = {
			isa = PBXSourcesBuildPhase;
			buildActionMask = 2147483647;
			files = (
				DB2723AB21ACA859000CDBD5 /* AddViewController.swift in Sources */,
				DB769A9821B829FB00690DBA /* Extenssions.swift in Sources */,
				DB2723AA21ACA859000CDBD5 /* ProfileViewController.swift in Sources */,
				DB2723AD21ACA859000CDBD5 /* SignInViewController.swift in Sources */,
				DB2723A921ACA859000CDBD5 /* SignUpViewController.swift in Sources */,
				DB78453421B53BDA00D5A26A /* HomeTableViewController.swift in Sources */,
				DB27238521ACA73D000CDBD5 /* AppDelegate.swift in Sources */,
				DBAA072021B3441500F8998F /* Config.swift in Sources */,
				DB2723B621ACB559000CDBD5 /* AuthService.swift in Sources */,
				DB57CB2321BAD0AB008278F0 /* BooksDetailViewController.swift in Sources */,
				DBAA071E21B1497500F8998F /* Post.swift in Sources */,
				DB57CB1B21BA876B008278F0 /* InfoViewController.swift in Sources */,
				DB769A9A21B8474700690DBA /* User.swift in Sources */,
			);
			runOnlyForDeploymentPostprocessing = 0;
		};
/* End PBXSourcesBuildPhase section */

/* Begin PBXVariantGroup section */
		DB27238D21ACA73E000CDBD5 /* LaunchScreen.storyboard */ = {
			isa = PBXVariantGroup;
			children = (
				DB27238E21ACA73E000CDBD5 /* Base */,
			);
			name = LaunchScreen.storyboard;
			sourceTree = "<group>";
		};
		DB78453921B544C300D5A26A /* Home.storyboard */ = {
			isa = PBXVariantGroup;
			children = (
				DB78453821B544C300D5A26A /* Base */,
			);
			name = Home.storyboard;
			sourceTree = "<group>";
		};
/* End PBXVariantGroup section */

/* Begin XCBuildConfiguration section */
		DB27239121ACA73E000CDBD5 /* Debug */ = {
			isa = XCBuildConfiguration;
			buildSettings = {
				ALWAYS_SEARCH_USER_PATHS = NO;
				CLANG_ANALYZER_NONNULL = YES;
				CLANG_ANALYZER_NUMBER_OBJECT_CONVERSION = YES_AGGRESSIVE;
				CLANG_CXX_LANGUAGE_STANDARD = "gnu++14";
				CLANG_CXX_LIBRARY = "libc++";
				CLANG_ENABLE_MODULES = YES;
				CLANG_ENABLE_OBJC_ARC = YES;
				CLANG_ENABLE_OBJC_WEAK = YES;
				CLANG_WARN_BLOCK_CAPTURE_AUTORELEASING = YES;
				CLANG_WARN_BOOL_CONVERSION = YES;
				CLANG_WARN_COMMA = YES;
				CLANG_WARN_CONSTANT_CONVERSION = YES;
				CLANG_WARN_DEPRECATED_OBJC_IMPLEMENTATIONS = YES;
				CLANG_WARN_DIRECT_OBJC_ISA_USAGE = YES_ERROR;
				CLANG_WARN_DOCUMENTATION_COMMENTS = YES;
				CLANG_WARN_EMPTY_BODY = YES;
				CLANG_WARN_ENUM_CONVERSION = YES;
				CLANG_WARN_INFINITE_RECURSION = YES;
				CLANG_WARN_INT_CONVERSION = YES;
				CLANG_WARN_NON_LITERAL_NULL_CONVERSION = YES;
				CLANG_WARN_OBJC_IMPLICIT_RETAIN_SELF = YES;
				CLANG_WARN_OBJC_LITERAL_CONVERSION = YES;
				CLANG_WARN_OBJC_ROOT_CLASS = YES_ERROR;
				CLANG_WARN_RANGE_LOOP_ANALYSIS = YES;
				CLANG_WARN_STRICT_PROTOTYPES = YES;
				CLANG_WARN_SUSPICIOUS_MOVE = YES;
				CLANG_WARN_UNGUARDED_AVAILABILITY = YES_AGGRESSIVE;
				CLANG_WARN_UNREACHABLE_CODE = YES;
				CLANG_WARN__DUPLICATE_METHOD_MATCH = YES;
				CODE_SIGN_IDENTITY = "iPhone Developer";
				COPY_PHASE_STRIP = NO;
				DEBUG_INFORMATION_FORMAT = dwarf;
				ENABLE_STRICT_OBJC_MSGSEND = YES;
				ENABLE_TESTABILITY = YES;
				GCC_C_LANGUAGE_STANDARD = gnu11;
				GCC_DYNAMIC_NO_PIC = NO;
				GCC_NO_COMMON_BLOCKS = YES;
				GCC_OPTIMIZATION_LEVEL = 0;
				GCC_PREPROCESSOR_DEFINITIONS = (
					"DEBUG=1",
					"$(inherited)",
				);
				GCC_WARN_64_TO_32_BIT_CONVERSION = YES;
				GCC_WARN_ABOUT_RETURN_TYPE = YES_ERROR;
				GCC_WARN_UNDECLARED_SELECTOR = YES;
				GCC_WARN_UNINITIALIZED_AUTOS = YES_AGGRESSIVE;
				GCC_WARN_UNUSED_FUNCTION = YES;
				GCC_WARN_UNUSED_VARIABLE = YES;
				IPHONEOS_DEPLOYMENT_TARGET = 12.1;
				MTL_ENABLE_DEBUG_INFO = INCLUDE_SOURCE;
				MTL_FAST_MATH = YES;
				ONLY_ACTIVE_ARCH = YES;
				SDKROOT = iphoneos;
				SWIFT_ACTIVE_COMPILATION_CONDITIONS = DEBUG;
				SWIFT_OPTIMIZATION_LEVEL = "-Onone";
			};
			name = Debug;
		};
		DB27239221ACA73E000CDBD5 /* Release */ = {
			isa = XCBuildConfiguration;
			buildSettings = {
				ALWAYS_SEARCH_USER_PATHS = NO;
				CLANG_ANALYZER_NONNULL = YES;
				CLANG_ANALYZER_NUMBER_OBJECT_CONVERSION = YES_AGGRESSIVE;
				CLANG_CXX_LANGUAGE_STANDARD = "gnu++14";
				CLANG_CXX_LIBRARY = "libc++";
				CLANG_ENABLE_MODULES = YES;
				CLANG_ENABLE_OBJC_ARC = YES;
				CLANG_ENABLE_OBJC_WEAK = YES;
				CLANG_WARN_BLOCK_CAPTURE_AUTORELEASING = YES;
				CLANG_WARN_BOOL_CONVERSION = YES;
				CLANG_WARN_COMMA = YES;
				CLANG_WARN_CONSTANT_CONVERSION = YES;
				CLANG_WARN_DEPRECATED_OBJC_IMPLEMENTATIONS = YES;
				CLANG_WARN_DIRECT_OBJC_ISA_USAGE = YES_ERROR;
				CLANG_WARN_DOCUMENTATION_COMMENTS = YES;
				CLANG_WARN_EMPTY_BODY = YES;
				CLANG_WARN_ENUM_CONVERSION = YES;
				CLANG_WARN_INFINITE_RECURSION = YES;
				CLANG_WARN_INT_CONVERSION = YES;
				CLANG_WARN_NON_LITERAL_NULL_CONVERSION = YES;
				CLANG_WARN_OBJC_IMPLICIT_RETAIN_SELF = YES;
				CLANG_WARN_OBJC_LITERAL_CONVERSION = YES;
				CLANG_WARN_OBJC_ROOT_CLASS = YES_ERROR;
				CLANG_WARN_RANGE_LOOP_ANALYSIS = YES;
				CLANG_WARN_STRICT_PROTOTYPES = YES;
				CLANG_WARN_SUSPICIOUS_MOVE = YES;
				CLANG_WARN_UNGUARDED_AVAILABILITY = YES_AGGRESSIVE;
				CLANG_WARN_UNREACHABLE_CODE = YES;
				CLANG_WARN__DUPLICATE_METHOD_MATCH = YES;
				CODE_SIGN_IDENTITY = "iPhone Developer";
				COPY_PHASE_STRIP = NO;
				DEBUG_INFORMATION_FORMAT = "dwarf-with-dsym";
				ENABLE_NS_ASSERTIONS = NO;
				ENABLE_STRICT_OBJC_MSGSEND = YES;
				GCC_C_LANGUAGE_STANDARD = gnu11;
				GCC_NO_COMMON_BLOCKS = YES;
				GCC_WARN_64_TO_32_BIT_CONVERSION = YES;
				GCC_WARN_ABOUT_RETURN_TYPE = YES_ERROR;
				GCC_WARN_UNDECLARED_SELECTOR = YES;
				GCC_WARN_UNINITIALIZED_AUTOS = YES_AGGRESSIVE;
				GCC_WARN_UNUSED_FUNCTION = YES;
				GCC_WARN_UNUSED_VARIABLE = YES;
				IPHONEOS_DEPLOYMENT_TARGET = 12.1;
				MTL_ENABLE_DEBUG_INFO = NO;
				MTL_FAST_MATH = YES;
				SDKROOT = iphoneos;
				SWIFT_COMPILATION_MODE = wholemodule;
				SWIFT_OPTIMIZATION_LEVEL = "-O";
				VALIDATE_PRODUCT = YES;
			};
			name = Release;
		};
		DB27239421ACA73E000CDBD5 /* Debug */ = {
			isa = XCBuildConfiguration;
			baseConfigurationReference = AF72999D294B40820A992446 /* Pods-VintageBooks.debug.xcconfig */;
			buildSettings = {
				ASSETCATALOG_COMPILER_APPICON_NAME = AppIcon;
				CODE_SIGN_STYLE = Automatic;
				DEVELOPMENT_TEAM = L8C3XR869H;
				INFOPLIST_FILE = VintageBooks/Info.plist;
				LD_RUNPATH_SEARCH_PATHS = (
					"$(inherited)",
					"@executable_path/Frameworks",
				);
				PRODUCT_BUNDLE_IDENTIFIER = com.bilal.fakhto.VintageBooks;
				PRODUCT_NAME = "$(TARGET_NAME)";
				SWIFT_VERSION = 4.2;
				TARGETED_DEVICE_FAMILY = 1;
			};
			name = Debug;
		};
		DB27239521ACA73E000CDBD5 /* Release */ = {
			isa = XCBuildConfiguration;
			baseConfigurationReference = A645E0D58AD6936FE07326BE /* Pods-VintageBooks.release.xcconfig */;
			buildSettings = {
				ASSETCATALOG_COMPILER_APPICON_NAME = AppIcon;
				CODE_SIGN_STYLE = Automatic;
				DEVELOPMENT_TEAM = L8C3XR869H;
				INFOPLIST_FILE = VintageBooks/Info.plist;
				LD_RUNPATH_SEARCH_PATHS = (
					"$(inherited)",
					"@executable_path/Frameworks",
				);
				PRODUCT_BUNDLE_IDENTIFIER = com.bilal.fakhto.VintageBooks;
				PRODUCT_NAME = "$(TARGET_NAME)";
				SWIFT_VERSION = 4.2;
				TARGETED_DEVICE_FAMILY = 1;
			};
			name = Release;
		};
/* End XCBuildConfiguration section */

/* Begin XCConfigurationList section */
		DB27237C21ACA73D000CDBD5 /* Build configuration list for PBXProject "VintageBooks" */ = {
			isa = XCConfigurationList;
			buildConfigurations = (
				DB27239121ACA73E000CDBD5 /* Debug */,
				DB27239221ACA73E000CDBD5 /* Release */,
			);
			defaultConfigurationIsVisible = 0;
			defaultConfigurationName = Release;
		};
		DB27239321ACA73E000CDBD5 /* Build configuration list for PBXNativeTarget "VintageBooks" */ = {
			isa = XCConfigurationList;
			buildConfigurations = (
				DB27239421ACA73E000CDBD5 /* Debug */,
				DB27239521ACA73E000CDBD5 /* Release */,
			);
			defaultConfigurationIsVisible = 0;
			defaultConfigurationName = Release;
		};
/* End XCConfigurationList section */
	};
	rootObject = DB27237921ACA73D000CDBD5 /* Project object */;
}
